schema: '2.0'
stages:
  prepare:
    cmd: python src/prepare.py data/data.xml
    deps:
    - path: data/data.xml
      md5: 22a1a2931c8370d3aeedd7183606fd7f
      size: 14445097
    - path: src/prepare.py
      md5: f09ea0c15980b43010257ccb9f0055e2
      size: 1576
    params:
      params.yaml:
        prepare.seed: 20170428
        prepare.split: 0.25
    outs:
    - path: data/prepared
      md5: c08931d1c7459f43950b7aac03aa0ec5.dir
      size: 8437363
      nfiles: 2
  featurize:
    cmd: python src/featurization.py data/prepared data/features
    deps:
    - path: data/prepared
      md5: c08931d1c7459f43950b7aac03aa0ec5.dir
      size: 8437363
      nfiles: 2
    - path: src/featurization.py
      md5: 51712e6e0059f249e24634d9ac0a2ca7
      size: 2620
    params:
      params.yaml:
        featurize.max_features: 500
        featurize.ngrams: 3
    outs:
    - path: data/features/test.pkl
      md5: 480a3a41f731ec7d31bdbeb8bdf48b80
      size: 803722
    - path: data/features/tfidf
      md5: ece11c09d2890c889053cd652f7f9f74
      size: 8646
    - path: data/features/train.pkl
      md5: c72480f26465f79e94b2bef3df64bf66
      size: 2400546
    - path: data/features/vectorizer
      md5: d34a823fef9e044137a548a8a8c3e53f
      size: 16588301
  train:
    cmd: python src/train.py data/features models/rf
    deps:
    - path: data/features
      md5: 5366eb4e95d31eb9956be62ee51eba54.dir
      size: 19801255
      nfiles: 5
    - path: src/train.py
      md5: 6355ca2e5f8595662880c754832aaa50
      size: 1272
    params:
      params.yaml:
        train.min_split: 3
        train.n_est: 50
        train.seed: 20170428
    outs:
    - path: models/rf
      md5: 8672846f8218e6deaf218197824b5862.dir
      size: 21743425
      nfiles: 2
  evaluate:
    cmd: python src/evaluate.py models/rf data/features
    deps:
    - path: data/features
      md5: 5366eb4e95d31eb9956be62ee51eba54.dir
      size: 19801255
      nfiles: 5
    - path: models/rf
      md5: 8672846f8218e6deaf218197824b5862.dir
      size: 21743425
      nfiles: 2
    - path: src/evaluate.py
      md5: 116d7619c56ede68f2c413615d7ded12
      size: 2657
    outs:
    - path: evaluation/metrics.json
      md5: 5bce45e80ee4b7b1a64301fb60ce404f
      size: 71
    - path: evaluation/plots/importance.png
      md5: ae3130d67cac5cb1a46b468c4287eb36
      size: 39869
    - path: evaluation/plots/metrics
      md5: 5c26f2b819b45cc6ce6335f0dea64d0e.dir
      size: 67
      nfiles: 2
    - path: evaluation/plots/prc.json
      md5: fb88760c53a70a392da39713291ec78b
      size: 98850
    - path: evaluation/plots/sklearn/confusion_matrix.json
      md5: c58b0ecce3ca882be46c9c60baeb509a
      size: 153234
    - path: evaluation/plots/sklearn/roc.json
      md5: b4aef26cd1414b3a1e8d0bda9ac4880b
      size: 70294
