schema: '2.0'
stages:
  prepare:
    cmd: python src/prepare.py data/data.xml
    deps:
    - path: data/data.xml
      md5: 22a1a2931c8370d3aeedd7183606fd7f
      size: 14445097
    - path: src/prepare.py
      md5: f09ea0c15980b43010257ccb9f0055e2
      size: 1576
    params:
      params.yaml:
        prepare.seed: 20170428
        prepare.split: 0.2
    outs:
    - path: data/prepared
      md5: 153aad06d376b6595932470e459ef42a.dir
      size: 8437363
      nfiles: 2
  featurize:
    cmd: python src/featurization.py data/prepared data/features
    deps:
    - path: data/prepared
      md5: 153aad06d376b6595932470e459ef42a.dir
      size: 8437363
      nfiles: 2
    - path: src/featurization.py
      md5: 51712e6e0059f249e24634d9ac0a2ca7
      size: 2620
    params:
      params.yaml:
        featurize.max_features: 100
        featurize.ngrams: 1
    outs:
    - path: data/features/test.pkl
      md5: c5b03e667f549a39ac43ff69a7d8fd08
      size: 309799
    - path: data/features/tfidf
      md5: 8401c95a51ff109e3a723ff8012f8a1b
      size: 2240
    - path: data/features/train.pkl
      md5: 73ad882c34cc2b61e0eae81861947a88
      size: 1246491
    - path: data/features/vectorizer
      md5: 144c9f2123c2a883f82a63ecbdebb913
      size: 440818
  train:
    cmd: python src/train.py data/features models/rf
    deps:
    - path: data/features
      md5: fb222ba7a3163c1483aa4a9bef2e7b61.dir
      size: 1999388
      nfiles: 5
    - path: src/train.py
      md5: 3fd856db8508f9ac1c5a8ad569dd850c
      size: 1156
    params:
      params.yaml:
        train.min_split: 2
        train.n_est: 50
        train.seed: 20170428
    outs:
    - path: models/rf
      md5: 4f9dcaffafdf257a0714fa1ae973a7db.dir
      size: 7629033
      nfiles: 2
  evaluate:
    cmd: python src/evaluate.py models/rf data/features
    deps:
    - path: models/rf
      md5: 4f9dcaffafdf257a0714fa1ae973a7db.dir
      size: 7629033
      nfiles: 2
    - path: src/evaluate.py
      md5: 116d7619c56ede68f2c413615d7ded12
      size: 2657
    outs:
    - path: evaluation/metrics.json
      md5: dc6adff11320058285d42c18a790f35c
      size: 73
    - path: evaluation/plots/importance.png
      md5: 3d49a35b4ed0ad165164ba333187fc1a
      size: 29659
    - path: evaluation/plots/metrics
      md5: 7499e3f20a94ff5472f16ad6d9bcceb7.dir
      size: 69
      nfiles: 2
    - path: evaluation/plots/prc.json
      md5: 0cf5e83105bd515f502830b60ebdee59
      size: 25321
    - path: evaluation/plots/sklearn/confusion_matrix.json
      md5: 203610eec6c89dc956422b4fcb9263a7
      size: 122246
    - path: evaluation/plots/sklearn/roc.json
      md5: 9d04bca037999ed26d4b0bfddefe8270
      size: 16123
