schema: '2.0'
stages:
  prepare:
    cmd: python src/prepare.py data/data.xml
    deps:
    - path: data/data.xml
      md5: 22a1a2931c8370d3aeedd7183606fd7f
      size: 14445097
    - path: src/prepare.py
      md5: f09ea0c15980b43010257ccb9f0055e2
      size: 1576
    params:
      params.yaml:
        prepare.seed: 20170428
        prepare.split: 0.2
    outs:
    - path: data/prepared
      md5: 153aad06d376b6595932470e459ef42a.dir
      size: 8437363
      nfiles: 2
  featurize:
    cmd: python src/featurization.py data/prepared data/features
    deps:
    - path: data/prepared
      md5: 153aad06d376b6595932470e459ef42a.dir
      size: 8437363
      nfiles: 2
    - path: src/featurization.py
      md5: e0265fc22f056a4b86d85c3056bc2894
      size: 2490
    params:
      params.yaml:
        featurize.max_features: 100
        featurize.ngrams: 1
    outs:
    - path: data/features/test.pkl
      md5: c5b03e667f549a39ac43ff69a7d8fd08
      size: 309799
    - path: data/features/train.pkl
      md5: 73ad882c34cc2b61e0eae81861947a88
      size: 1246491
  train:
    cmd: python src/train.py data/features model.pkl
    deps:
    - path: data/features
      md5: a9d95a85c8e20167d9a0d4830dac0524.dir
      size: 1556311
      nfiles: 3
    - path: src/train.py
      md5: c3961d777cfbd7727f9fde4851896006
      size: 967
    params:
      params.yaml:
        train.min_split: 2
        train.n_est: 50
        train.seed: 20170428
    outs:
    - path: model.pkl
      md5: d4ef28f873e02fd7d075f9ceec0f17b2
      size: 7185236
  evaluate:
    cmd: python src/evaluate.py model.pkl data/features
    deps:
    - path: model.pkl
      md5: d4ef28f873e02fd7d075f9ceec0f17b2
      size: 7185236
    - path: src/evaluate.py
      md5: 759095a28408e6a0dfe6019ba24eb6d5
      size: 2659
    outs:
    - path: evaluation/metrics.json
      md5: dc6adff11320058285d42c18a790f35c
      size: 73
    - path: evaluation/plots/importance.png
      md5: 3d49a35b4ed0ad165164ba333187fc1a
      size: 29659
    - path: evaluation/plots/metrics
      md5: 7499e3f20a94ff5472f16ad6d9bcceb7.dir
      size: 69
      nfiles: 2
    - path: evaluation/plots/prc.json
      md5: 8e37e766483dd38170b26ed4a4c0ff52
      size: 25320
    - path: evaluation/plots/sklearn/confusion_matrix.json
      md5: 203610eec6c89dc956422b4fcb9263a7
      size: 122246
    - path: evaluation/plots/sklearn/roc.json
      md5: 9d04bca037999ed26d4b0bfddefe8270
      size: 16123
