schema: '2.0'
stages:
  prepare:
    cmd: python src/prepare.py data/data.xml
    deps:
    - path: data/data.xml
      md5: 22a1a2931c8370d3aeedd7183606fd7f
      size: 14445097
    - path: src/prepare.py
      md5: f09ea0c15980b43010257ccb9f0055e2
      size: 1576
    params:
      params.yaml:
        prepare.seed: 20170428
        prepare.split: 0.2
    outs:
    - path: data/prepared
      md5: 153aad06d376b6595932470e459ef42a.dir
      size: 8437363
      nfiles: 2
  featurize:
    cmd: python src/featurization.py data/prepared data/features
    deps:
    - path: data/prepared
      md5: 153aad06d376b6595932470e459ef42a.dir
      size: 8437363
      nfiles: 2
    - path: src/featurization.py
      md5: 51712e6e0059f249e24634d9ac0a2ca7
      size: 2620
    params:
      params.yaml:
        featurize.max_features: 200
        featurize.ngrams: 2
    outs:
    - path: data/features/test.pkl
      md5: 314a75c3d11896c9a1872a15fb4cd8ba
      size: 443762
    - path: data/features/tfidf
      md5: c77bc5e88070a33f8c1e5a4434929df7
      size: 3840
    - path: data/features/train.pkl
      md5: 6ea11cbbd66ef6fb06a2850134902ac9
      size: 1788826
    - path: data/features/vectorizer
      md5: 74a373f1e37e8476b1bea343b7f39575
      size: 6273374
  train:
    cmd: python src/train.py data/features models/rf
    deps:
    - path: data/features
      md5: 4a3085acdf1f92c01a4d1106a14d0713.dir
      size: 8509842
      nfiles: 5
    - path: src/train.py
      md5: 2d786f028f6dc90d779a3025891ead21
      size: 1147
    params:
      params.yaml:
        train.min_split: 2
        train.n_est: 50
        train.seed: 20170428
    outs:
    - path: models/rf
      md5: 1684be44fd310087364f080b46faef35.dir
      size: 12856054
      nfiles: 2
  evaluate:
    cmd: python src/evaluate.py models/rf data/features
    deps:
    - path: models/rf
      md5: 1684be44fd310087364f080b46faef35.dir
      size: 12856054
      nfiles: 2
    - path: src/evaluate.py
      md5: ef83b50e9755f54797aaeb7e4814c4f5
      size: 2647
    outs:
    - path: evaluation/metrics.json
      md5: b023eaa2fa15fb0a32faa2f46a57d8a3
      size: 73
    - path: evaluation/plots/importance.png
      md5: 7413e4836bec3a367a1988bafda20040
      size: 33062
    - path: evaluation/plots/metrics
      md5: 06b2f6e27844c78361a50ea431c9910a.dir
      size: 69
      nfiles: 2
    - path: evaluation/plots/prc.json
      md5: f3a16520cc93c43950e20fa1b7b2502d
      size: 20828
    - path: evaluation/plots/sklearn/confusion_matrix.json
      md5: 9acf0865955e9ffa94074a01e911fce7
      size: 122246
    - path: evaluation/plots/sklearn/roc.json
      md5: 27b11e9ac7e65b0f7aa4900df38661b9
      size: 13056
    - path: evaluation/report.html
      md5: 28b27fe1ebddb166bb688c15083eac3a
      size: 206110
